
Microsoft Visual Studio Solution File, Format Version 12.00
# Visual Studio Version 17
VisualStudioVersion = 17.0.31903.59
MinimumVisualStudioVersion = 10.0.40219.1
Project("{2150E333-8FDC-42A3-9474-1A3956D46DE8}") = "src", "src", "{827E0CD3-B72D-47B6-A68D-7590B98EB39B}"
EndProject
Project("{FAE04EC0-301F-11D3-BF4B-00C04F79EFBC}") = "Alfred.Identity.Domain", "src\Alfred.Identity.Domain\Alfred.Identity.Domain.csproj", "{C6645518-9899-440B-9021-1953E8EEB090}"
EndProject
Project("{FAE04EC0-301F-11D3-BF4B-00C04F79EFBC}") = "Alfred.Identity.Application", "src\Alfred.Identity.Application\Alfred.Identity.Application.csproj", "{7B40C0E7-2C6F-4A6C-8159-5C5F8ED195B9}"
EndProject
Project("{FAE04EC0-301F-11D3-BF4B-00C04F79EFBC}") = "Alfred.Identity.Infrastructure", "src\Alfred.Identity.Infrastructure\Alfred.Identity.Infrastructure.csproj", "{7A57B286-7FFB-4185-9E9F-2A4F966D865B}"
EndProject
Project("{FAE04EC0-301F-11D3-BF4B-00C04F79EFBC}") = "Alfred.Identity.WebApi", "src\Alfred.Identity.WebApi\Alfred.Identity.WebApi.csproj", "{4203FBCB-594D-48D0-A212-67D40CFCECB5}"
EndProject
Project("{FAE04EC0-301F-11D3-BF4B-00C04F79EFBC}") = "Alfred.Identity.Cli", "src\Alfred.Identity.Cli\Alfred.Identity.Cli.csproj", "{028F2597-6D75-44A0-83FC-E7CDBEA45EA0}"
EndProject
Project("{2150E333-8FDC-42A3-9474-1A3956D46DE8}") = "tests", "tests", "{0AB3BF05-4346-4AA6-1389-037BE0695223}"
EndProject
Project("{FAE04EC0-301F-11D3-BF4B-00C04F79EFBC}") = "Alfred.Identity.Domain.Tests", "tests\Alfred.Identity.Domain.Tests\Alfred.Identity.Domain.Tests.csproj", "{AE158BB7-379D-4A04-B0B2-42974ACE7C4E}"
EndProject
Project("{FAE04EC0-301F-11D3-BF4B-00C04F79EFBC}") = "Alfred.Identity.Application.Tests", "tests\Alfred.Identity.Application.Tests\Alfred.Identity.Application.Tests.csproj", "{E4520E2B-E414-4D5D-B17F-3F4F6BAE9D51}"
EndProject
Project("{FAE04EC0-301F-11D3-BF4B-00C04F79EFBC}") = "Alfred.Identity.Architecture.Tests", "tests\Alfred.Identity.Architecture.Tests\Alfred.Identity.Architecture.Tests.csproj", "{AA018349-CB0E-4ADB-8713-EF0B6787718D}"
EndProject
Global
	GlobalSection(SolutionConfigurationPlatforms) = preSolution
		Debug|Any CPU = Debug|Any CPU
		Debug|x64 = Debug|x64
		Debug|x86 = Debug|x86
		Release|Any CPU = Release|Any CPU
		Release|x64 = Release|x64
		Release|x86 = Release|x86
	EndGlobalSection
	GlobalSection(ProjectConfigurationPlatforms) = postSolution
		{C6645518-9899-440B-9021-1953E8EEB090}.Debug|Any CPU.ActiveCfg = Debug|Any CPU
		{C6645518-9899-440B-9021-1953E8EEB090}.Debug|Any CPU.Build.0 = Debug|Any CPU
		{C6645518-9899-440B-9021-1953E8EEB090}.Debug|x64.ActiveCfg = Debug|Any CPU
		{C6645518-9899-440B-9021-1953E8EEB090}.Debug|x64.Build.0 = Debug|Any CPU
		{C6645518-9899-440B-9021-1953E8EEB090}.Debug|x86.ActiveCfg = Debug|Any CPU
		{C6645518-9899-440B-9021-1953E8EEB090}.Debug|x86.Build.0 = Debug|Any CPU
		{C6645518-9899-440B-9021-1953E8EEB090}.Release|Any CPU.ActiveCfg = Release|Any CPU
		{C6645518-9899-440B-9021-1953E8EEB090}.Release|Any CPU.Build.0 = Release|Any CPU
		{C6645518-9899-440B-9021-1953E8EEB090}.Release|x64.ActiveCfg = Release|Any CPU
		{C6645518-9899-440B-9021-1953E8EEB090}.Release|x64.Build.0 = Release|Any CPU
		{C6645518-9899-440B-9021-1953E8EEB090}.Release|x86.ActiveCfg = Release|Any CPU
		{C6645518-9899-440B-9021-1953E8EEB090}.Release|x86.Build.0 = Release|Any CPU
		{7B40C0E7-2C6F-4A6C-8159-5C5F8ED195B9}.Debug|Any CPU.ActiveCfg = Debug|Any CPU
		{7B40C0E7-2C6F-4A6C-8159-5C5F8ED195B9}.Debug|Any CPU.Build.0 = Debug|Any CPU
		{7B40C0E7-2C6F-4A6C-8159-5C5F8ED195B9}.Debug|x64.ActiveCfg = Debug|Any CPU
		{7B40C0E7-2C6F-4A6C-8159-5C5F8ED195B9}.Debug|x64.Build.0 = Debug|Any CPU
		{7B40C0E7-2C6F-4A6C-8159-5C5F8ED195B9}.Debug|x86.ActiveCfg = Debug|Any CPU
		{7B40C0E7-2C6F-4A6C-8159-5C5F8ED195B9}.Debug|x86.Build.0 = Debug|Any CPU
		{7B40C0E7-2C6F-4A6C-8159-5C5F8ED195B9}.Release|Any CPU.ActiveCfg = Release|Any CPU
		{7B40C0E7-2C6F-4A6C-8159-5C5F8ED195B9}.Release|Any CPU.Build.0 = Release|Any CPU
		{7B40C0E7-2C6F-4A6C-8159-5C5F8ED195B9}.Release|x64.ActiveCfg = Release|Any CPU
		{7B40C0E7-2C6F-4A6C-8159-5C5F8ED195B9}.Release|x64.Build.0 = Release|Any CPU
		{7B40C0E7-2C6F-4A6C-8159-5C5F8ED195B9}.Release|x86.ActiveCfg = Release|Any CPU
		{7B40C0E7-2C6F-4A6C-8159-5C5F8ED195B9}.Release|x86.Build.0 = Release|Any CPU
		{7A57B286-7FFB-4185-9E9F-2A4F966D865B}.Debug|Any CPU.ActiveCfg = Debug|Any CPU
		{7A57B286-7FFB-4185-9E9F-2A4F966D865B}.Debug|Any CPU.Build.0 = Debug|Any CPU
		{7A57B286-7FFB-4185-9E9F-2A4F966D865B}.Debug|x64.ActiveCfg = Debug|Any CPU
		{7A57B286-7FFB-4185-9E9F-2A4F966D865B}.Debug|x64.Build.0 = Debug|Any CPU
		{7A57B286-7FFB-4185-9E9F-2A4F966D865B}.Debug|x86.ActiveCfg = Debug|Any CPU
		{7A57B286-7FFB-4185-9E9F-2A4F966D865B}.Debug|x86.Build.0 = Debug|Any CPU
		{7A57B286-7FFB-4185-9E9F-2A4F966D865B}.Release|Any CPU.ActiveCfg = Release|Any CPU
		{7A57B286-7FFB-4185-9E9F-2A4F966D865B}.Release|Any CPU.Build.0 = Release|Any CPU
		{7A57B286-7FFB-4185-9E9F-2A4F966D865B}.Release|x64.ActiveCfg = Release|Any CPU
		{7A57B286-7FFB-4185-9E9F-2A4F966D865B}.Release|x64.Build.0 = Release|Any CPU
		{7A57B286-7FFB-4185-9E9F-2A4F966D865B}.Release|x86.ActiveCfg = Release|Any CPU
		{7A57B286-7FFB-4185-9E9F-2A4F966D865B}.Release|x86.Build.0 = Release|Any CPU
		{4203FBCB-594D-48D0-A212-67D40CFCECB5}.Debug|Any CPU.ActiveCfg = Debug|Any CPU
		{4203FBCB-594D-48D0-A212-67D40CFCECB5}.Debug|Any CPU.Build.0 = Debug|Any CPU
		{4203FBCB-594D-48D0-A212-67D40CFCECB5}.Debug|x64.ActiveCfg = Debug|Any CPU
		{4203FBCB-594D-48D0-A212-67D40CFCECB5}.Debug|x64.Build.0 = Debug|Any CPU
		{4203FBCB-594D-48D0-A212-67D40CFCECB5}.Debug|x86.ActiveCfg = Debug|Any CPU
		{4203FBCB-594D-48D0-A212-67D40CFCECB5}.Debug|x86.Build.0 = Debug|Any CPU
		{4203FBCB-594D-48D0-A212-67D40CFCECB5}.Release|Any CPU.ActiveCfg = Release|Any CPU
		{4203FBCB-594D-48D0-A212-67D40CFCECB5}.Release|Any CPU.Build.0 = Release|Any CPU
		{4203FBCB-594D-48D0-A212-67D40CFCECB5}.Release|x64.ActiveCfg = Release|Any CPU
		{4203FBCB-594D-48D0-A212-67D40CFCECB5}.Release|x64.Build.0 = Release|Any CPU
		{4203FBCB-594D-48D0-A212-67D40CFCECB5}.Release|x86.ActiveCfg = Release|Any CPU
		{4203FBCB-594D-48D0-A212-67D40CFCECB5}.Release|x86.Build.0 = Release|Any CPU
		{028F2597-6D75-44A0-83FC-E7CDBEA45EA0}.Debug|Any CPU.ActiveCfg = Debug|Any CPU
		{028F2597-6D75-44A0-83FC-E7CDBEA45EA0}.Debug|Any CPU.Build.0 = Debug|Any CPU
		{028F2597-6D75-44A0-83FC-E7CDBEA45EA0}.Debug|x64.ActiveCfg = Debug|Any CPU
		{028F2597-6D75-44A0-83FC-E7CDBEA45EA0}.Debug|x64.Build.0 = Debug|Any CPU
		{028F2597-6D75-44A0-83FC-E7CDBEA45EA0}.Debug|x86.ActiveCfg = Debug|Any CPU
		{028F2597-6D75-44A0-83FC-E7CDBEA45EA0}.Debug|x86.Build.0 = Debug|Any CPU
		{028F2597-6D75-44A0-83FC-E7CDBEA45EA0}.Release|Any CPU.ActiveCfg = Release|Any CPU
		{028F2597-6D75-44A0-83FC-E7CDBEA45EA0}.Release|Any CPU.Build.0 = Release|Any CPU
		{028F2597-6D75-44A0-83FC-E7CDBEA45EA0}.Release|x64.ActiveCfg = Release|Any CPU
		{028F2597-6D75-44A0-83FC-E7CDBEA45EA0}.Release|x64.Build.0 = Release|Any CPU
		{028F2597-6D75-44A0-83FC-E7CDBEA45EA0}.Release|x86.ActiveCfg = Release|Any CPU
		{028F2597-6D75-44A0-83FC-E7CDBEA45EA0}.Release|x86.Build.0 = Release|Any CPU
		{AE158BB7-379D-4A04-B0B2-42974ACE7C4E}.Debug|Any CPU.ActiveCfg = Debug|Any CPU
		{AE158BB7-379D-4A04-B0B2-42974ACE7C4E}.Debug|Any CPU.Build.0 = Debug|Any CPU
		{AE158BB7-379D-4A04-B0B2-42974ACE7C4E}.Debug|x64.ActiveCfg = Debug|Any CPU
		{AE158BB7-379D-4A04-B0B2-42974ACE7C4E}.Debug|x64.Build.0 = Debug|Any CPU
		{AE158BB7-379D-4A04-B0B2-42974ACE7C4E}.Debug|x86.ActiveCfg = Debug|Any CPU
		{AE158BB7-379D-4A04-B0B2-42974ACE7C4E}.Debug|x86.Build.0 = Debug|Any CPU
		{AE158BB7-379D-4A04-B0B2-42974ACE7C4E}.Release|Any CPU.ActiveCfg = Release|Any CPU
		{AE158BB7-379D-4A04-B0B2-42974ACE7C4E}.Release|Any CPU.Build.0 = Release|Any CPU
		{AE158BB7-379D-4A04-B0B2-42974ACE7C4E}.Release|x64.ActiveCfg = Release|Any CPU
		{AE158BB7-379D-4A04-B0B2-42974ACE7C4E}.Release|x64.Build.0 = Release|Any CPU
		{AE158BB7-379D-4A04-B0B2-42974ACE7C4E}.Release|x86.ActiveCfg = Release|Any CPU
		{AE158BB7-379D-4A04-B0B2-42974ACE7C4E}.Release|x86.Build.0 = Release|Any CPU
		{E4520E2B-E414-4D5D-B17F-3F4F6BAE9D51}.Debug|Any CPU.ActiveCfg = Debug|Any CPU
		{E4520E2B-E414-4D5D-B17F-3F4F6BAE9D51}.Debug|Any CPU.Build.0 = Debug|Any CPU
		{E4520E2B-E414-4D5D-B17F-3F4F6BAE9D51}.Debug|x64.ActiveCfg = Debug|Any CPU
		{E4520E2B-E414-4D5D-B17F-3F4F6BAE9D51}.Debug|x64.Build.0 = Debug|Any CPU
		{E4520E2B-E414-4D5D-B17F-3F4F6BAE9D51}.Debug|x86.ActiveCfg = Debug|Any CPU
		{E4520E2B-E414-4D5D-B17F-3F4F6BAE9D51}.Debug|x86.Build.0 = Debug|Any CPU
		{E4520E2B-E414-4D5D-B17F-3F4F6BAE9D51}.Release|Any CPU.ActiveCfg = Release|Any CPU
		{E4520E2B-E414-4D5D-B17F-3F4F6BAE9D51}.Release|Any CPU.Build.0 = Release|Any CPU
		{E4520E2B-E414-4D5D-B17F-3F4F6BAE9D51}.Release|x64.ActiveCfg = Release|Any CPU
		{E4520E2B-E414-4D5D-B17F-3F4F6BAE9D51}.Release|x64.Build.0 = Release|Any CPU
		{E4520E2B-E414-4D5D-B17F-3F4F6BAE9D51}.Release|x86.ActiveCfg = Release|Any CPU
		{E4520E2B-E414-4D5D-B17F-3F4F6BAE9D51}.Release|x86.Build.0 = Release|Any CPU
		{AA018349-CB0E-4ADB-8713-EF0B6787718D}.Debug|Any CPU.ActiveCfg = Debug|Any CPU
		{AA018349-CB0E-4ADB-8713-EF0B6787718D}.Debug|Any CPU.Build.0 = Debug|Any CPU
		{AA018349-CB0E-4ADB-8713-EF0B6787718D}.Debug|x64.ActiveCfg = Debug|Any CPU
		{AA018349-CB0E-4ADB-8713-EF0B6787718D}.Debug|x64.Build.0 = Debug|Any CPU
		{AA018349-CB0E-4ADB-8713-EF0B6787718D}.Debug|x86.ActiveCfg = Debug|Any CPU
		{AA018349-CB0E-4ADB-8713-EF0B6787718D}.Debug|x86.Build.0 = Debug|Any CPU
		{AA018349-CB0E-4ADB-8713-EF0B6787718D}.Release|Any CPU.ActiveCfg = Release|Any CPU
		{AA018349-CB0E-4ADB-8713-EF0B6787718D}.Release|Any CPU.Build.0 = Release|Any CPU
		{AA018349-CB0E-4ADB-8713-EF0B6787718D}.Release|x64.ActiveCfg = Release|Any CPU
		{AA018349-CB0E-4ADB-8713-EF0B6787718D}.Release|x64.Build.0 = Release|Any CPU
		{AA018349-CB0E-4ADB-8713-EF0B6787718D}.Release|x86.ActiveCfg = Release|Any CPU
		{AA018349-CB0E-4ADB-8713-EF0B6787718D}.Release|x86.Build.0 = Release|Any CPU
	EndGlobalSection
	GlobalSection(SolutionProperties) = preSolution
		HideSolutionNode = FALSE
	EndGlobalSection
	GlobalSection(NestedProjects) = preSolution
		{C6645518-9899-440B-9021-1953E8EEB090} = {827E0CD3-B72D-47B6-A68D-7590B98EB39B}
		{7B40C0E7-2C6F-4A6C-8159-5C5F8ED195B9} = {827E0CD3-B72D-47B6-A68D-7590B98EB39B}
		{7A57B286-7FFB-4185-9E9F-2A4F966D865B} = {827E0CD3-B72D-47B6-A68D-7590B98EB39B}
		{4203FBCB-594D-48D0-A212-67D40CFCECB5} = {827E0CD3-B72D-47B6-A68D-7590B98EB39B}
		{028F2597-6D75-44A0-83FC-E7CDBEA45EA0} = {827E0CD3-B72D-47B6-A68D-7590B98EB39B}
		{AE158BB7-379D-4A04-B0B2-42974ACE7C4E} = {0AB3BF05-4346-4AA6-1389-037BE0695223}
		{E4520E2B-E414-4D5D-B17F-3F4F6BAE9D51} = {0AB3BF05-4346-4AA6-1389-037BE0695223}
		{AA018349-CB0E-4ADB-8713-EF0B6787718D} = {0AB3BF05-4346-4AA6-1389-037BE0695223}
	EndGlobalSection
EndGlobal
